{
  "name": "dead-simple-event-emmiter",
  "version": "1.0.0",
  "lockfileVersion": 1,
  "requires": true,
  "dependencies": {
    "rollup": {
      "version": "0.56.4",
      "resolved": "https://registry.npmjs.org/rollup/-/rollup-0.56.4.tgz",
      "integrity": "sha512-Ja1ph+tZSE9sY5/WURJCuhaU2+2LTKKmhvxG7Smunn37s7aESLDFUj5XMnSYMypytwxeTvpy8ZzFfEeFiYMyug==",
      "dev": true
    }
  }
}
